
Microsoft Visual Studio Solution File, Format Version 12.00
# Visual Studio Version 16
VisualStudioVersion = 16.0.30204.135
MinimumVisualStudioVersion = 10.0.40219.1
Project("{9A19103F-16F7-4668-BE54-9A1E7A4F7556}") = "Common", "Common\Common.csproj", "{AA00941A-2F66-414E-B86C-C9601DB1AF3B}"
EndProject
Project("{9A19103F-16F7-4668-BE54-9A1E7A4F7556}") = "Engine", "Engine\Engine.csproj", "{DAAD5B97-98FB-49AE-83CC-D1DB3EC8F02F}"
EndProject
Project("{9A19103F-16F7-4668-BE54-9A1E7A4F7556}") = "Tests", "Tests\Tests.csproj", "{562E52ED-C015-4249-9F33-52C2835B74EB}"
EndProject
Project("{9A19103F-16F7-4668-BE54-9A1E7A4F7556}") = "Metadata", "Metadata\Metadata.csproj", "{A458DCE0-253E-4255-811B-A1C15EC4559F}"
EndProject
Project("{9A19103F-16F7-4668-BE54-9A1E7A4F7556}") = "FunctionClient", "FunctionClient\FunctionClient.csproj", "{EDC44367-7B0F-4230-ADDD-1571C01D99E5}"
EndProject
Project("{9A19103F-16F7-4668-BE54-9A1E7A4F7556}") = "FunctionHost", "FunctionHost\FunctionHost.csproj", "{EC4F8E3B-D78C-4F22-86A9-C63EE7971E07}"
EndProject
Project("{2150E333-8FDC-42A3-9474-1A3956D46DE8}") = "Solution Items", "Solution Items", "{C046FE0C-64D9-4148-A307-705E83A4C01D}"
	ProjectSection(SolutionItems) = preProject
		nuget-deploy.ps1 = nuget-deploy.ps1
		README.md = README.md
	EndProjectSection
EndProject
Project("{2150E333-8FDC-42A3-9474-1A3956D46DE8}") = "DurableTests", "DurableTests", "{C5729A0A-114A-4488-97B6-7086C7342785}"
EndProject
Project("{9A19103F-16F7-4668-BE54-9A1E7A4F7556}") = "FunctionApp1", "DurableTests\FunctionApp1\FunctionApp1.csproj", "{B18C7838-3F1D-4E35-AA09-9BE50FE73ED6}"
EndProject
Project("{9A19103F-16F7-4668-BE54-9A1E7A4F7556}") = "ConsoleApp1", "DurableTests\ConsoleApp1\ConsoleApp1.csproj", "{68BCB45C-5B7B-4D0F-A429-496119655E9A}"
EndProject
Global
	GlobalSection(SolutionConfigurationPlatforms) = preSolution
		Debug|Any CPU = Debug|Any CPU
		Release|Any CPU = Release|Any CPU
	EndGlobalSection
	GlobalSection(ProjectConfigurationPlatforms) = postSolution
		{AA00941A-2F66-414E-B86C-C9601DB1AF3B}.Debug|Any CPU.ActiveCfg = Debug|Any CPU
		{AA00941A-2F66-414E-B86C-C9601DB1AF3B}.Debug|Any CPU.Build.0 = Debug|Any CPU
		{AA00941A-2F66-414E-B86C-C9601DB1AF3B}.Release|Any CPU.ActiveCfg = Release|Any CPU
		{AA00941A-2F66-414E-B86C-C9601DB1AF3B}.Release|Any CPU.Build.0 = Release|Any CPU
		{DAAD5B97-98FB-49AE-83CC-D1DB3EC8F02F}.Debug|Any CPU.ActiveCfg = Debug|Any CPU
		{DAAD5B97-98FB-49AE-83CC-D1DB3EC8F02F}.Debug|Any CPU.Build.0 = Debug|Any CPU
		{DAAD5B97-98FB-49AE-83CC-D1DB3EC8F02F}.Release|Any CPU.ActiveCfg = Release|Any CPU
		{DAAD5B97-98FB-49AE-83CC-D1DB3EC8F02F}.Release|Any CPU.Build.0 = Release|Any CPU
		{562E52ED-C015-4249-9F33-52C2835B74EB}.Debug|Any CPU.ActiveCfg = Debug|Any CPU
		{562E52ED-C015-4249-9F33-52C2835B74EB}.Debug|Any CPU.Build.0 = Debug|Any CPU
		{562E52ED-C015-4249-9F33-52C2835B74EB}.Release|Any CPU.ActiveCfg = Release|Any CPU
		{562E52ED-C015-4249-9F33-52C2835B74EB}.Release|Any CPU.Build.0 = Release|Any CPU
		{A458DCE0-253E-4255-811B-A1C15EC4559F}.Debug|Any CPU.ActiveCfg = Debug|Any CPU
		{A458DCE0-253E-4255-811B-A1C15EC4559F}.Debug|Any CPU.Build.0 = Debug|Any CPU
		{A458DCE0-253E-4255-811B-A1C15EC4559F}.Release|Any CPU.ActiveCfg = Release|Any CPU
		{A458DCE0-253E-4255-811B-A1C15EC4559F}.Release|Any CPU.Build.0 = Release|Any CPU
		{EDC44367-7B0F-4230-ADDD-1571C01D99E5}.Debug|Any CPU.ActiveCfg = Debug|Any CPU
		{EDC44367-7B0F-4230-ADDD-1571C01D99E5}.Debug|Any CPU.Build.0 = Debug|Any CPU
		{EDC44367-7B0F-4230-ADDD-1571C01D99E5}.Release|Any CPU.ActiveCfg = Release|Any CPU
		{EDC44367-7B0F-4230-ADDD-1571C01D99E5}.Release|Any CPU.Build.0 = Release|Any CPU
		{EC4F8E3B-D78C-4F22-86A9-C63EE7971E07}.Debug|Any CPU.ActiveCfg = Debug|Any CPU
		{EC4F8E3B-D78C-4F22-86A9-C63EE7971E07}.Debug|Any CPU.Build.0 = Debug|Any CPU
		{EC4F8E3B-D78C-4F22-86A9-C63EE7971E07}.Release|Any CPU.ActiveCfg = Release|Any CPU
		{EC4F8E3B-D78C-4F22-86A9-C63EE7971E07}.Release|Any CPU.Build.0 = Release|Any CPU
		{B18C7838-3F1D-4E35-AA09-9BE50FE73ED6}.Debug|Any CPU.ActiveCfg = Debug|Any CPU
		{B18C7838-3F1D-4E35-AA09-9BE50FE73ED6}.Debug|Any CPU.Build.0 = Debug|Any CPU
		{B18C7838-3F1D-4E35-AA09-9BE50FE73ED6}.Release|Any CPU.ActiveCfg = Release|Any CPU
		{B18C7838-3F1D-4E35-AA09-9BE50FE73ED6}.Release|Any CPU.Build.0 = Release|Any CPU
		{68BCB45C-5B7B-4D0F-A429-496119655E9A}.Debug|Any CPU.ActiveCfg = Debug|Any CPU
		{68BCB45C-5B7B-4D0F-A429-496119655E9A}.Debug|Any CPU.Build.0 = Debug|Any CPU
		{68BCB45C-5B7B-4D0F-A429-496119655E9A}.Release|Any CPU.ActiveCfg = Release|Any CPU
		{68BCB45C-5B7B-4D0F-A429-496119655E9A}.Release|Any CPU.Build.0 = Release|Any CPU
	EndGlobalSection
	GlobalSection(SolutionProperties) = preSolution
		HideSolutionNode = FALSE
	EndGlobalSection
	GlobalSection(NestedProjects) = preSolution
		{B18C7838-3F1D-4E35-AA09-9BE50FE73ED6} = {C5729A0A-114A-4488-97B6-7086C7342785}
		{68BCB45C-5B7B-4D0F-A429-496119655E9A} = {C5729A0A-114A-4488-97B6-7086C7342785}
	EndGlobalSection
	GlobalSection(ExtensibilityGlobals) = postSolution
		SolutionGuid = {D727EE81-C8D8-4FF0-9870-18755E5634DD}
	EndGlobalSection
EndGlobal
