
Microsoft Visual Studio Solution File, Format Version 12.00
# Visual Studio Version 16
VisualStudioVersion = 16.0.30204.135
MinimumVisualStudioVersion = 10.0.40219.1
Project("{2150E333-8FDC-42A3-9474-1A3956D46DE8}") = "Solution Items", "Solution Items", "{988FFFDA-1D04-4CC2-ABC3-05ED45C05023}"
	ProjectSection(SolutionItems) = preProject
		README.md = README.md
	EndProjectSection
EndProject
Project("{9A19103F-16F7-4668-BE54-9A1E7A4F7556}") = "Common", "Common\Common.csproj", "{AA00941A-2F66-414E-B86C-C9601DB1AF3B}"
EndProject
Project("{9A19103F-16F7-4668-BE54-9A1E7A4F7556}") = "Engine", "Engine\Engine.csproj", "{DAAD5B97-98FB-49AE-83CC-D1DB3EC8F02F}"
EndProject
Project("{9A19103F-16F7-4668-BE54-9A1E7A4F7556}") = "DurableTask", "DurableTask\DurableTask.csproj", "{A07A1E70-092D-4445-8016-3EA7E68A1882}"
EndProject
Project("{9A19103F-16F7-4668-BE54-9A1E7A4F7556}") = "Metadata.Fluent", "Metadata.Fluent\Metadata.Fluent.csproj", "{E4170127-2F72-4AAE-876E-E606BA8BF05C}"
EndProject
Project("{9A19103F-16F7-4668-BE54-9A1E7A4F7556}") = "Metadata.Xml", "Metadata.Xml\Metadata.Xml.csproj", "{BCD2A84D-90AA-4F93-BFA9-48D2627309BC}"
EndProject
Project("{9A19103F-16F7-4668-BE54-9A1E7A4F7556}") = "Tests", "Tests\Tests.csproj", "{898762AE-3EE2-45DD-8E88-CD7E958BFACC}"
EndProject
Project("{9A19103F-16F7-4668-BE54-9A1E7A4F7556}") = "Services", "Services\Services.csproj", "{FB339B24-C6F8-4657-AB09-7F27F3ED9759}"
EndProject
Global
	GlobalSection(SolutionConfigurationPlatforms) = preSolution
		Debug|Any CPU = Debug|Any CPU
		Release|Any CPU = Release|Any CPU
	EndGlobalSection
	GlobalSection(ProjectConfigurationPlatforms) = postSolution
		{AA00941A-2F66-414E-B86C-C9601DB1AF3B}.Debug|Any CPU.ActiveCfg = Debug|Any CPU
		{AA00941A-2F66-414E-B86C-C9601DB1AF3B}.Debug|Any CPU.Build.0 = Debug|Any CPU
		{AA00941A-2F66-414E-B86C-C9601DB1AF3B}.Release|Any CPU.ActiveCfg = Release|Any CPU
		{AA00941A-2F66-414E-B86C-C9601DB1AF3B}.Release|Any CPU.Build.0 = Release|Any CPU
		{DAAD5B97-98FB-49AE-83CC-D1DB3EC8F02F}.Debug|Any CPU.ActiveCfg = Debug|Any CPU
		{DAAD5B97-98FB-49AE-83CC-D1DB3EC8F02F}.Debug|Any CPU.Build.0 = Debug|Any CPU
		{DAAD5B97-98FB-49AE-83CC-D1DB3EC8F02F}.Release|Any CPU.ActiveCfg = Release|Any CPU
		{DAAD5B97-98FB-49AE-83CC-D1DB3EC8F02F}.Release|Any CPU.Build.0 = Release|Any CPU
		{A07A1E70-092D-4445-8016-3EA7E68A1882}.Debug|Any CPU.ActiveCfg = Debug|Any CPU
		{A07A1E70-092D-4445-8016-3EA7E68A1882}.Debug|Any CPU.Build.0 = Debug|Any CPU
		{A07A1E70-092D-4445-8016-3EA7E68A1882}.Release|Any CPU.ActiveCfg = Release|Any CPU
		{A07A1E70-092D-4445-8016-3EA7E68A1882}.Release|Any CPU.Build.0 = Release|Any CPU
		{E4170127-2F72-4AAE-876E-E606BA8BF05C}.Debug|Any CPU.ActiveCfg = Debug|Any CPU
		{E4170127-2F72-4AAE-876E-E606BA8BF05C}.Debug|Any CPU.Build.0 = Debug|Any CPU
		{E4170127-2F72-4AAE-876E-E606BA8BF05C}.Release|Any CPU.ActiveCfg = Release|Any CPU
		{E4170127-2F72-4AAE-876E-E606BA8BF05C}.Release|Any CPU.Build.0 = Release|Any CPU
		{BCD2A84D-90AA-4F93-BFA9-48D2627309BC}.Debug|Any CPU.ActiveCfg = Debug|Any CPU
		{BCD2A84D-90AA-4F93-BFA9-48D2627309BC}.Debug|Any CPU.Build.0 = Debug|Any CPU
		{BCD2A84D-90AA-4F93-BFA9-48D2627309BC}.Release|Any CPU.ActiveCfg = Release|Any CPU
		{BCD2A84D-90AA-4F93-BFA9-48D2627309BC}.Release|Any CPU.Build.0 = Release|Any CPU
		{898762AE-3EE2-45DD-8E88-CD7E958BFACC}.Debug|Any CPU.ActiveCfg = Debug|Any CPU
		{898762AE-3EE2-45DD-8E88-CD7E958BFACC}.Debug|Any CPU.Build.0 = Debug|Any CPU
		{898762AE-3EE2-45DD-8E88-CD7E958BFACC}.Release|Any CPU.ActiveCfg = Release|Any CPU
		{898762AE-3EE2-45DD-8E88-CD7E958BFACC}.Release|Any CPU.Build.0 = Release|Any CPU
		{FB339B24-C6F8-4657-AB09-7F27F3ED9759}.Debug|Any CPU.ActiveCfg = Debug|Any CPU
		{FB339B24-C6F8-4657-AB09-7F27F3ED9759}.Debug|Any CPU.Build.0 = Debug|Any CPU
		{FB339B24-C6F8-4657-AB09-7F27F3ED9759}.Release|Any CPU.ActiveCfg = Release|Any CPU
		{FB339B24-C6F8-4657-AB09-7F27F3ED9759}.Release|Any CPU.Build.0 = Release|Any CPU
	EndGlobalSection
	GlobalSection(SolutionProperties) = preSolution
		HideSolutionNode = FALSE
	EndGlobalSection
	GlobalSection(ExtensibilityGlobals) = postSolution
		SolutionGuid = {D727EE81-C8D8-4FF0-9870-18755E5634DD}
	EndGlobalSection
EndGlobal
