
Microsoft Visual Studio Solution File, Format Version 12.00
# Visual Studio Version 16
VisualStudioVersion = 16.0.30204.135
MinimumVisualStudioVersion = 10.0.40219.1
Project("{FAE04EC0-301F-11D3-BF4B-00C04F79EFBC}") = "CoreEngine", "CoreEngine\CoreEngine.csproj", "{BD394D93-76B1-4D3D-81A3-1F5F7D57CB8B}"
EndProject
Global
	GlobalSection(SolutionConfigurationPlatforms) = preSolution
		Debug|Any CPU = Debug|Any CPU
		Release|Any CPU = Release|Any CPU
	EndGlobalSection
	GlobalSection(ProjectConfigurationPlatforms) = postSolution
		{BD394D93-76B1-4D3D-81A3-1F5F7D57CB8B}.Debug|Any CPU.ActiveCfg = Debug|Any CPU
		{BD394D93-76B1-4D3D-81A3-1F5F7D57CB8B}.Debug|Any CPU.Build.0 = Debug|Any CPU
		{BD394D93-76B1-4D3D-81A3-1F5F7D57CB8B}.Release|Any CPU.ActiveCfg = Release|Any CPU
		{BD394D93-76B1-4D3D-81A3-1F5F7D57CB8B}.Release|Any CPU.Build.0 = Release|Any CPU
	EndGlobalSection
	GlobalSection(SolutionProperties) = preSolution
		HideSolutionNode = FALSE
	EndGlobalSection
	GlobalSection(ExtensibilityGlobals) = postSolution
		SolutionGuid = {D727EE81-C8D8-4FF0-9870-18755E5634DD}
	EndGlobalSection
EndGlobal
