
Microsoft Visual Studio Solution File, Format Version 12.00
# Visual Studio Version 16
VisualStudioVersion = 16.0.30204.135
MinimumVisualStudioVersion = 10.0.40219.1
Project("{9A19103F-16F7-4668-BE54-9A1E7A4F7556}") = "CoreEngine", "CoreEngine\CoreEngine.csproj", "{BD394D93-76B1-4D3D-81A3-1F5F7D57CB8B}"
EndProject
Project("{9A19103F-16F7-4668-BE54-9A1E7A4F7556}") = "ConsoleRunner", "ConsoleRunner\ConsoleRunner.csproj", "{0CD8271D-4620-4B48-A1E4-E664D8014330}"
EndProject
Project("{2150E333-8FDC-42A3-9474-1A3956D46DE8}") = "Solution Items", "Solution Items", "{988FFFDA-1D04-4CC2-ABC3-05ED45C05023}"
	ProjectSection(SolutionItems) = preProject
		README.md = README.md
	EndProjectSection
EndProject
Project("{FAE04EC0-301F-11D3-BF4B-00C04F79EFBC}") = "CoreEngine.Abstractions", "CoreEngine.Abstractions\CoreEngine.Abstractions.csproj", "{5B4548E3-D2F2-4C79-BD3D-C32974F1C1E0}"
EndProject
Project("{9A19103F-16F7-4668-BE54-9A1E7A4F7556}") = "CoreEngine.ModelProvider.Xml", "CoreEngine.ModelProvider.Xml\CoreEngine.ModelProvider.Xml.csproj", "{66CEF53C-E8CF-462F-B6A8-C7D1C245CB65}"
EndProject
Global
	GlobalSection(SolutionConfigurationPlatforms) = preSolution
		Debug|Any CPU = Debug|Any CPU
		Release|Any CPU = Release|Any CPU
	EndGlobalSection
	GlobalSection(ProjectConfigurationPlatforms) = postSolution
		{BD394D93-76B1-4D3D-81A3-1F5F7D57CB8B}.Debug|Any CPU.ActiveCfg = Debug|Any CPU
		{BD394D93-76B1-4D3D-81A3-1F5F7D57CB8B}.Debug|Any CPU.Build.0 = Debug|Any CPU
		{BD394D93-76B1-4D3D-81A3-1F5F7D57CB8B}.Release|Any CPU.ActiveCfg = Release|Any CPU
		{BD394D93-76B1-4D3D-81A3-1F5F7D57CB8B}.Release|Any CPU.Build.0 = Release|Any CPU
		{0CD8271D-4620-4B48-A1E4-E664D8014330}.Debug|Any CPU.ActiveCfg = Debug|Any CPU
		{0CD8271D-4620-4B48-A1E4-E664D8014330}.Debug|Any CPU.Build.0 = Debug|Any CPU
		{0CD8271D-4620-4B48-A1E4-E664D8014330}.Release|Any CPU.ActiveCfg = Release|Any CPU
		{0CD8271D-4620-4B48-A1E4-E664D8014330}.Release|Any CPU.Build.0 = Release|Any CPU
		{5B4548E3-D2F2-4C79-BD3D-C32974F1C1E0}.Debug|Any CPU.ActiveCfg = Debug|Any CPU
		{5B4548E3-D2F2-4C79-BD3D-C32974F1C1E0}.Debug|Any CPU.Build.0 = Debug|Any CPU
		{5B4548E3-D2F2-4C79-BD3D-C32974F1C1E0}.Release|Any CPU.ActiveCfg = Release|Any CPU
		{5B4548E3-D2F2-4C79-BD3D-C32974F1C1E0}.Release|Any CPU.Build.0 = Release|Any CPU
		{66CEF53C-E8CF-462F-B6A8-C7D1C245CB65}.Debug|Any CPU.ActiveCfg = Debug|Any CPU
		{66CEF53C-E8CF-462F-B6A8-C7D1C245CB65}.Debug|Any CPU.Build.0 = Debug|Any CPU
		{66CEF53C-E8CF-462F-B6A8-C7D1C245CB65}.Release|Any CPU.ActiveCfg = Release|Any CPU
		{66CEF53C-E8CF-462F-B6A8-C7D1C245CB65}.Release|Any CPU.Build.0 = Release|Any CPU
	EndGlobalSection
	GlobalSection(SolutionProperties) = preSolution
		HideSolutionNode = FALSE
	EndGlobalSection
	GlobalSection(ExtensibilityGlobals) = postSolution
		SolutionGuid = {D727EE81-C8D8-4FF0-9870-18755E5634DD}
	EndGlobalSection
EndGlobal
