
Microsoft Visual Studio Solution File, Format Version 12.00
# Visual Studio Version 16
VisualStudioVersion = 16.0.30204.135
MinimumVisualStudioVersion = 10.0.40219.1
Project("{9A19103F-16F7-4668-BE54-9A1E7A4F7556}") = "Common", "Common\Common.csproj", "{AA00941A-2F66-414E-B86C-C9601DB1AF3B}"
EndProject
Project("{9A19103F-16F7-4668-BE54-9A1E7A4F7556}") = "Engine", "Engine\Engine.csproj", "{DAAD5B97-98FB-49AE-83CC-D1DB3EC8F02F}"
EndProject
Project("{9A19103F-16F7-4668-BE54-9A1E7A4F7556}") = "Tests", "Tests\Tests.csproj", "{562E52ED-C015-4249-9F33-52C2835B74EB}"
EndProject
Project("{2150E333-8FDC-42A3-9474-1A3956D46DE8}") = "Samples", "Samples", "{F949BCD4-C9F3-4133-97B6-C8F9E1BBB5FC}"
EndProject
Project("{9A19103F-16F7-4668-BE54-9A1E7A4F7556}") = "DurableFunction.Client", "DurableFunction.Client\DurableFunction.Client.csproj", "{6603452B-80FE-459F-8049-E58C045DAF4A}"
EndProject
Project("{9A19103F-16F7-4668-BE54-9A1E7A4F7556}") = "DurableFunction.Host", "DurableFunction.Host\DurableFunction.Host.csproj", "{30BB6D1F-872C-45EF-B664-3723629869EF}"
EndProject
Project("{9A19103F-16F7-4668-BE54-9A1E7A4F7556}") = "HtmlDebugger", "Samples\HtmlDebugger\HtmlDebugger.csproj", "{290DFB46-6232-45E7-B1B9-62518EFDCB2C}"
EndProject
Project("{9A19103F-16F7-4668-BE54-9A1E7A4F7556}") = "ConsoleDebugger", "Samples\ConsoleDebugger\ConsoleDebugger.csproj", "{3D24EE22-1309-421C-A302-9D5969B4EDBA}"
EndProject
Project("{9A19103F-16F7-4668-BE54-9A1E7A4F7556}") = "Metadata", "Metadata\Metadata.csproj", "{A458DCE0-253E-4255-811B-A1C15EC4559F}"
EndProject
Global
	GlobalSection(SolutionConfigurationPlatforms) = preSolution
		Debug|Any CPU = Debug|Any CPU
		Release|Any CPU = Release|Any CPU
	EndGlobalSection
	GlobalSection(ProjectConfigurationPlatforms) = postSolution
		{AA00941A-2F66-414E-B86C-C9601DB1AF3B}.Debug|Any CPU.ActiveCfg = Debug|Any CPU
		{AA00941A-2F66-414E-B86C-C9601DB1AF3B}.Debug|Any CPU.Build.0 = Debug|Any CPU
		{AA00941A-2F66-414E-B86C-C9601DB1AF3B}.Release|Any CPU.ActiveCfg = Release|Any CPU
		{AA00941A-2F66-414E-B86C-C9601DB1AF3B}.Release|Any CPU.Build.0 = Release|Any CPU
		{DAAD5B97-98FB-49AE-83CC-D1DB3EC8F02F}.Debug|Any CPU.ActiveCfg = Debug|Any CPU
		{DAAD5B97-98FB-49AE-83CC-D1DB3EC8F02F}.Debug|Any CPU.Build.0 = Debug|Any CPU
		{DAAD5B97-98FB-49AE-83CC-D1DB3EC8F02F}.Release|Any CPU.ActiveCfg = Release|Any CPU
		{DAAD5B97-98FB-49AE-83CC-D1DB3EC8F02F}.Release|Any CPU.Build.0 = Release|Any CPU
		{562E52ED-C015-4249-9F33-52C2835B74EB}.Debug|Any CPU.ActiveCfg = Debug|Any CPU
		{562E52ED-C015-4249-9F33-52C2835B74EB}.Debug|Any CPU.Build.0 = Debug|Any CPU
		{562E52ED-C015-4249-9F33-52C2835B74EB}.Release|Any CPU.ActiveCfg = Release|Any CPU
		{562E52ED-C015-4249-9F33-52C2835B74EB}.Release|Any CPU.Build.0 = Release|Any CPU
		{6603452B-80FE-459F-8049-E58C045DAF4A}.Debug|Any CPU.ActiveCfg = Debug|Any CPU
		{6603452B-80FE-459F-8049-E58C045DAF4A}.Debug|Any CPU.Build.0 = Debug|Any CPU
		{6603452B-80FE-459F-8049-E58C045DAF4A}.Release|Any CPU.ActiveCfg = Release|Any CPU
		{6603452B-80FE-459F-8049-E58C045DAF4A}.Release|Any CPU.Build.0 = Release|Any CPU
		{30BB6D1F-872C-45EF-B664-3723629869EF}.Debug|Any CPU.ActiveCfg = Debug|Any CPU
		{30BB6D1F-872C-45EF-B664-3723629869EF}.Debug|Any CPU.Build.0 = Debug|Any CPU
		{30BB6D1F-872C-45EF-B664-3723629869EF}.Release|Any CPU.ActiveCfg = Release|Any CPU
		{30BB6D1F-872C-45EF-B664-3723629869EF}.Release|Any CPU.Build.0 = Release|Any CPU
		{290DFB46-6232-45E7-B1B9-62518EFDCB2C}.Debug|Any CPU.ActiveCfg = Debug|Any CPU
		{290DFB46-6232-45E7-B1B9-62518EFDCB2C}.Debug|Any CPU.Build.0 = Debug|Any CPU
		{290DFB46-6232-45E7-B1B9-62518EFDCB2C}.Release|Any CPU.ActiveCfg = Release|Any CPU
		{290DFB46-6232-45E7-B1B9-62518EFDCB2C}.Release|Any CPU.Build.0 = Release|Any CPU
		{3D24EE22-1309-421C-A302-9D5969B4EDBA}.Debug|Any CPU.ActiveCfg = Debug|Any CPU
		{3D24EE22-1309-421C-A302-9D5969B4EDBA}.Debug|Any CPU.Build.0 = Debug|Any CPU
		{3D24EE22-1309-421C-A302-9D5969B4EDBA}.Release|Any CPU.ActiveCfg = Release|Any CPU
		{3D24EE22-1309-421C-A302-9D5969B4EDBA}.Release|Any CPU.Build.0 = Release|Any CPU
		{A458DCE0-253E-4255-811B-A1C15EC4559F}.Debug|Any CPU.ActiveCfg = Debug|Any CPU
		{A458DCE0-253E-4255-811B-A1C15EC4559F}.Debug|Any CPU.Build.0 = Debug|Any CPU
		{A458DCE0-253E-4255-811B-A1C15EC4559F}.Release|Any CPU.ActiveCfg = Release|Any CPU
		{A458DCE0-253E-4255-811B-A1C15EC4559F}.Release|Any CPU.Build.0 = Release|Any CPU
	EndGlobalSection
	GlobalSection(SolutionProperties) = preSolution
		HideSolutionNode = FALSE
	EndGlobalSection
	GlobalSection(NestedProjects) = preSolution
		{290DFB46-6232-45E7-B1B9-62518EFDCB2C} = {F949BCD4-C9F3-4133-97B6-C8F9E1BBB5FC}
		{3D24EE22-1309-421C-A302-9D5969B4EDBA} = {F949BCD4-C9F3-4133-97B6-C8F9E1BBB5FC}
	EndGlobalSection
	GlobalSection(ExtensibilityGlobals) = postSolution
		SolutionGuid = {D727EE81-C8D8-4FF0-9870-18755E5634DD}
	EndGlobalSection
EndGlobal
