
Microsoft Visual Studio Solution File, Format Version 12.00
# Visual Studio Version 16
VisualStudioVersion = 16.0.30907.101
MinimumVisualStudioVersion = 10.0.40219.1
Project("{9A19103F-16F7-4668-BE54-9A1E7A4F7556}") = "ConsoleApp1", "ConsoleApp1\ConsoleApp1.csproj", "{DBFA6751-1C9B-4EC7-BF31-E236AECCD041}"
EndProject
Project("{9A19103F-16F7-4668-BE54-9A1E7A4F7556}") = "ClassLibrary1", "ClassLibrary1\ClassLibrary1.csproj", "{62BA734A-DC42-4ED6-9412-94D5210F36C4}"
EndProject
Project("{9A19103F-16F7-4668-BE54-9A1E7A4F7556}") = "FunctionApp1", "FunctionApp1\FunctionApp1.csproj", "{7694E07A-ECD3-472D-90E4-EC6A6ADC0071}"
EndProject
Project("{9A19103F-16F7-4668-BE54-9A1E7A4F7556}") = "InteractiveDebugger", "InteractiveDebugger\InteractiveDebugger.csproj", "{C3168D7F-96FD-4FA1-B4E8-A54847DBC962}"
EndProject
Global
	GlobalSection(SolutionConfigurationPlatforms) = preSolution
		Debug|Any CPU = Debug|Any CPU
		Release|Any CPU = Release|Any CPU
	EndGlobalSection
	GlobalSection(ProjectConfigurationPlatforms) = postSolution
		{DBFA6751-1C9B-4EC7-BF31-E236AECCD041}.Debug|Any CPU.ActiveCfg = Debug|Any CPU
		{DBFA6751-1C9B-4EC7-BF31-E236AECCD041}.Debug|Any CPU.Build.0 = Debug|Any CPU
		{DBFA6751-1C9B-4EC7-BF31-E236AECCD041}.Release|Any CPU.ActiveCfg = Release|Any CPU
		{DBFA6751-1C9B-4EC7-BF31-E236AECCD041}.Release|Any CPU.Build.0 = Release|Any CPU
		{62BA734A-DC42-4ED6-9412-94D5210F36C4}.Debug|Any CPU.ActiveCfg = Debug|Any CPU
		{62BA734A-DC42-4ED6-9412-94D5210F36C4}.Debug|Any CPU.Build.0 = Debug|Any CPU
		{62BA734A-DC42-4ED6-9412-94D5210F36C4}.Release|Any CPU.ActiveCfg = Release|Any CPU
		{62BA734A-DC42-4ED6-9412-94D5210F36C4}.Release|Any CPU.Build.0 = Release|Any CPU
		{7694E07A-ECD3-472D-90E4-EC6A6ADC0071}.Debug|Any CPU.ActiveCfg = Debug|Any CPU
		{7694E07A-ECD3-472D-90E4-EC6A6ADC0071}.Debug|Any CPU.Build.0 = Debug|Any CPU
		{7694E07A-ECD3-472D-90E4-EC6A6ADC0071}.Release|Any CPU.ActiveCfg = Release|Any CPU
		{7694E07A-ECD3-472D-90E4-EC6A6ADC0071}.Release|Any CPU.Build.0 = Release|Any CPU
		{C3168D7F-96FD-4FA1-B4E8-A54847DBC962}.Debug|Any CPU.ActiveCfg = Debug|Any CPU
		{C3168D7F-96FD-4FA1-B4E8-A54847DBC962}.Debug|Any CPU.Build.0 = Debug|Any CPU
		{C3168D7F-96FD-4FA1-B4E8-A54847DBC962}.Release|Any CPU.ActiveCfg = Release|Any CPU
		{C3168D7F-96FD-4FA1-B4E8-A54847DBC962}.Release|Any CPU.Build.0 = Release|Any CPU
	EndGlobalSection
	GlobalSection(SolutionProperties) = preSolution
		HideSolutionNode = FALSE
	EndGlobalSection
	GlobalSection(ExtensibilityGlobals) = postSolution
		SolutionGuid = {B310F02E-7594-4721-8D5E-8EFF952A9305}
	EndGlobalSection
EndGlobal
